// !$*UTF8*$!
{
	archiveVersion = 1;
	classes = {
	};
	objectVersion = 46;
	objects = {

/* Begin PBXBuildFile section */
		6F3482CD1A0986FC00C02A8B /* AppDelegate.m in Sources */ = {isa = PBXBuildFile; fileRef = 6F3482CC1A0986FC00C02A8B /* AppDelegate.m */; };
		6F3482CF1A0986FC00C02A8B /* main.m in Sources */ = {isa = PBXBuildFile; fileRef = 6F3482CE1A0986FC00C02A8B /* main.m */; };
		6F3482D11A0986FC00C02A8B /* Images.xcassets in Resources */ = {isa = PBXBuildFile; fileRef = 6F3482D01A0986FC00C02A8B /* Images.xcassets */; };
		6F3482D41A0986FC00C02A8B /* MainMenu.xib in Resources */ = {isa = PBXBuildFile; fileRef = 6F3482D21A0986FC00C02A8B /* MainMenu.xib */; };
		6F3482E01A0986FC00C02A8B /* QuickTroblesDemoTests.m in Sources */ = {isa = PBXBuildFile; fileRef = 6F3482DF1A0986FC00C02A8B /* QuickTroblesDemoTests.m */; };
		6F3483081A09886B00C02A8B /* Quick.framework in Frameworks */ = {isa = PBXBuildFile; fileRef = 6F3482F21A09884F00C02A8B /* Quick.framework */; };
		6F3483091A09886F00C02A8B /* Nimble.framework in Frameworks */ = {isa = PBXBuildFile; fileRef = 6F3483051A09885700C02A8B /* Nimble.framework */; };
		6F34830B1A0988E300C02A8B /* QuickTests.m in Sources */ = {isa = PBXBuildFile; fileRef = 6F34830A1A0988E300C02A8B /* QuickTests.m */; };
		DA4A061B1A0997E700E778D2 /* SwiftSpec.swift in Sources */ = {isa = PBXBuildFile; fileRef = DA4A061A1A0997E700E778D2 /* SwiftSpec.swift */; };
/* End PBXBuildFile section */

/* Begin PBXContainerItemProxy section */
		6F3482DA1A0986FC00C02A8B /* PBXContainerItemProxy */ = {
			isa = PBXContainerItemProxy;
			containerPortal = 6F3482BE1A0986FC00C02A8B /* Project object */;
			proxyType = 1;
			remoteGlobalIDString = 6F3482C51A0986FC00C02A8B;
			remoteInfo = QuickTroblesDemo;
		};
		6F3482F11A09884F00C02A8B /* PBXContainerItemProxy */ = {
			isa = PBXContainerItemProxy;
			containerPortal = 6F3482E91A09884E00C02A8B /* Quick.xcodeproj */;
			proxyType = 2;
			remoteGlobalIDString = DAEB6B8E1943873100289F44;
			remoteInfo = "Quick-OSX";
		};
		6F3482F31A09884F00C02A8B /* PBXContainerItemProxy */ = {
			isa = PBXContainerItemProxy;
			containerPortal = 6F3482E91A09884E00C02A8B /* Quick.xcodeproj */;
			proxyType = 2;
			remoteGlobalIDString = DAEB6B991943873100289F44;
			remoteInfo = "Quick-OSXTests";
		};
		6F3482F51A09884F00C02A8B /* PBXContainerItemProxy */ = {
			isa = PBXContainerItemProxy;
			containerPortal = 6F3482E91A09884E00C02A8B /* Quick.xcodeproj */;
			proxyType = 2;
			remoteGlobalIDString = 5A5D117C19473F2100F6D13D;
			remoteInfo = "Quick-iOS";
		};
		6F3482F71A09884F00C02A8B /* PBXContainerItemProxy */ = {
			isa = PBXContainerItemProxy;
			containerPortal = 6F3482E91A09884E00C02A8B /* Quick.xcodeproj */;
			proxyType = 2;
			remoteGlobalIDString = 5A5D118619473F2100F6D13D;
			remoteInfo = "Quick-iOSTests";
		};
		6F3483001A09885700C02A8B /* PBXContainerItemProxy */ = {
			isa = PBXContainerItemProxy;
			containerPortal = 6F3482F91A09885700C02A8B /* Nimble.xcodeproj */;
			proxyType = 2;
			remoteGlobalIDString = 1F1A74291940169200FFFC47;
			remoteInfo = "Nimble-iOS";
		};
		6F3483021A09885700C02A8B /* PBXContainerItemProxy */ = {
			isa = PBXContainerItemProxy;
			containerPortal = 6F3482F91A09885700C02A8B /* Nimble.xcodeproj */;
			proxyType = 2;
			remoteGlobalIDString = 1F1A74341940169200FFFC47;
			remoteInfo = "Nimble-iOSTests";
		};
		6F3483041A09885700C02A8B /* PBXContainerItemProxy */ = {
			isa = PBXContainerItemProxy;
			containerPortal = 6F3482F91A09885700C02A8B /* Nimble.xcodeproj */;
			proxyType = 2;
			remoteGlobalIDString = 1F925EAD195C0D6300ED456B;
			remoteInfo = "Nimble-OSX";
		};
		6F3483061A09885700C02A8B /* PBXContainerItemProxy */ = {
			isa = PBXContainerItemProxy;
			containerPortal = 6F3482F91A09885700C02A8B /* Nimble.xcodeproj */;
			proxyType = 2;
			remoteGlobalIDString = 1F925EB7195C0D6300ED456B;
			remoteInfo = "Nimble-OSXTests";
		};
/* End PBXContainerItemProxy section */

/* Begin PBXFileReference section */
		6F3482C61A0986FC00C02A8B /* QuickTroblesDemo.app */ = {isa = PBXFileReference; explicitFileType = wrapper.application; includeInIndex = 0; path = QuickTroblesDemo.app; sourceTree = BUILT_PRODUCTS_DIR; };
		6F3482CA1A0986FC00C02A8B /* Info.plist */ = {isa = PBXFileReference; lastKnownFileType = text.plist.xml; path = Info.plist; sourceTree = "<group>"; };
		6F3482CB1A0986FC00C02A8B /* AppDelegate.h */ = {isa = PBXFileReference; lastKnownFileType = sourcecode.c.h; path = AppDelegate.h; sourceTree = "<group>"; };
		6F3482CC1A0986FC00C02A8B /* AppDelegate.m */ = {isa = PBXFileReference; lastKnownFileType = sourcecode.c.objc; path = AppDelegate.m; sourceTree = "<group>"; };
		6F3482CE1A0986FC00C02A8B /* main.m */ = {isa = PBXFileReference; lastKnownFileType = sourcecode.c.objc; path = main.m; sourceTree = "<group>"; };
		6F3482D01A0986FC00C02A8B /* Images.xcassets */ = {isa = PBXFileReference; lastKnownFileType = folder.assetcatalog; path = Images.xcassets; sourceTree = "<group>"; };
		6F3482D31A0986FC00C02A8B /* Base */ = {isa = PBXFileReference; lastKnownFileType = file.xib; name = Base; path = Base.lproj/MainMenu.xib; sourceTree = "<group>"; };
		6F3482D91A0986FC00C02A8B /* QuickTroblesDemoTests.xctest */ = {isa = PBXFileReference; explicitFileType = wrapper.cfbundle; includeInIndex = 0; path = QuickTroblesDemoTests.xctest; sourceTree = BUILT_PRODUCTS_DIR; };
		6F3482DE1A0986FC00C02A8B /* Info.plist */ = {isa = PBXFileReference; lastKnownFileType = text.plist.xml; path = Info.plist; sourceTree = "<group>"; };
		6F3482DF1A0986FC00C02A8B /* QuickTroblesDemoTests.m */ = {isa = PBXFileReference; lastKnownFileType = sourcecode.c.objc; path = QuickTroblesDemoTests.m; sourceTree = "<group>"; };
		6F3482E91A09884E00C02A8B /* Quick.xcodeproj */ = {isa = PBXFileReference; lastKnownFileType = "wrapper.pb-project"; name = Quick.xcodeproj; path = ../../Vendor/Quick/Quick.xcodeproj; sourceTree = "<group>"; };
		6F3482F91A09885700C02A8B /* Nimble.xcodeproj */ = {isa = PBXFileReference; lastKnownFileType = "wrapper.pb-project"; name = Nimble.xcodeproj; path = ../../Vendor/Nimble/Nimble.xcodeproj; sourceTree = "<group>"; };
		6F34830A1A0988E300C02A8B /* QuickTests.m */ = {isa = PBXFileReference; fileEncoding = 4; lastKnownFileType = sourcecode.c.objc; path = QuickTests.m; sourceTree = "<group>"; };
		DA4A061A1A0997E700E778D2 /* SwiftSpec.swift */ = {isa = PBXFileReference; fileEncoding = 4; lastKnownFileType = sourcecode.swift; path = SwiftSpec.swift; sourceTree = "<group>"; };
/* End PBXFileReference section */

/* Begin PBXFrameworksBuildPhase section */
		6F3482C31A0986FC00C02A8B /* Frameworks */ = {
			isa = PBXFrameworksBuildPhase;
			buildActionMask = 2147483647;
			files = (
			);
			runOnlyForDeploymentPostprocessing = 0;
		};
		6F3482D61A0986FC00C02A8B /* Frameworks */ = {
			isa = PBXFrameworksBuildPhase;
			buildActionMask = 2147483647;
			files = (
				6F3483081A09886B00C02A8B /* Quick.framework in Frameworks */,
				6F3483091A09886F00C02A8B /* Nimble.framework in Frameworks */,
			);
			runOnlyForDeploymentPostprocessing = 0;
		};
/* End PBXFrameworksBuildPhase section */

/* Begin PBXGroup section */
		6F3482BD1A0986FC00C02A8B = {
			isa = PBXGroup;
			children = (
				6F3482C81A0986FC00C02A8B /* QuickTroblesDemo */,
				6F3482DC1A0986FC00C02A8B /* QuickTroblesDemoTests */,
				6F3482C71A0986FC00C02A8B /* Products */,
			);
			sourceTree = "<group>";
		};
		6F3482C71A0986FC00C02A8B /* Products */ = {
			isa = PBXGroup;
			children = (
				6F3482C61A0986FC00C02A8B /* QuickTroblesDemo.app */,
				6F3482D91A0986FC00C02A8B /* QuickTroblesDemoTests.xctest */,
			);
			name = Products;
			sourceTree = "<group>";
		};
		6F3482C81A0986FC00C02A8B /* QuickTroblesDemo */ = {
			isa = PBXGroup;
			children = (
				6F3482CB1A0986FC00C02A8B /* AppDelegate.h */,
				6F3482CC1A0986FC00C02A8B /* AppDelegate.m */,
				6F3482D01A0986FC00C02A8B /* Images.xcassets */,
				6F3482D21A0986FC00C02A8B /* MainMenu.xib */,
				6F3482C91A0986FC00C02A8B /* Supporting Files */,
			);
			path = QuickTroblesDemo;
			sourceTree = "<group>";
		};
		6F3482C91A0986FC00C02A8B /* Supporting Files */ = {
			isa = PBXGroup;
			children = (
				6F3482CA1A0986FC00C02A8B /* Info.plist */,
				6F3482CE1A0986FC00C02A8B /* main.m */,
			);
			name = "Supporting Files";
			sourceTree = "<group>";
		};
		6F3482DC1A0986FC00C02A8B /* QuickTroblesDemoTests */ = {
			isa = PBXGroup;
			children = (
				6F3482F91A09885700C02A8B /* Nimble.xcodeproj */,
				6F3482E91A09884E00C02A8B /* Quick.xcodeproj */,
				6F3482DF1A0986FC00C02A8B /* QuickTroblesDemoTests.m */,
				6F34830A1A0988E300C02A8B /* QuickTests.m */,
				6F3482DD1A0986FC00C02A8B /* Supporting Files */,
				DA4A061A1A0997E700E778D2 /* SwiftSpec.swift */,
			);
			path = QuickTroblesDemoTests;
			sourceTree = "<group>";
		};
		6F3482DD1A0986FC00C02A8B /* Supporting Files */ = {
			isa = PBXGroup;
			children = (
				6F3482DE1A0986FC00C02A8B /* Info.plist */,
			);
			name = "Supporting Files";
			sourceTree = "<group>";
		};
		6F3482EA1A09884E00C02A8B /* Products */ = {
			isa = PBXGroup;
			children = (
				6F3482F21A09884F00C02A8B /* Quick.framework */,
				6F3482F41A09884F00C02A8B /* Quick-OSXTests.xctest */,
				6F3482F61A09884F00C02A8B /* Quick.framework */,
				6F3482F81A09884F00C02A8B /* Quick-iOSTests.xctest */,
			);
			name = Products;
			sourceTree = "<group>";
		};
		6F3482FA1A09885700C02A8B /* Products */ = {
			isa = PBXGroup;
			children = (
				6F3483011A09885700C02A8B /* Nimble.framework */,
				6F3483031A09885700C02A8B /* NimbleTests.xctest */,
				6F3483051A09885700C02A8B /* Nimble.framework */,
				6F3483071A09885700C02A8B /* Nimble-OSXTests.xctest */,
			);
			name = Products;
			sourceTree = "<group>";
		};
/* End PBXGroup section */

/* Begin PBXNativeTarget section */
		6F3482C51A0986FC00C02A8B /* QuickTroblesDemo */ = {
			isa = PBXNativeTarget;
			buildConfigurationList = 6F3482E31A0986FC00C02A8B /* Build configuration list for PBXNativeTarget "QuickTroblesDemo" */;
			buildPhases = (
				6F3482C21A0986FC00C02A8B /* Sources */,
				6F3482C31A0986FC00C02A8B /* Frameworks */,
				6F3482C41A0986FC00C02A8B /* Resources */,
			);
			buildRules = (
			);
			dependencies = (
			);
			name = QuickTroblesDemo;
			productName = QuickTroblesDemo;
			productReference = 6F3482C61A0986FC00C02A8B /* QuickTroblesDemo.app */;
			productType = "com.apple.product-type.application";
		};
		6F3482D81A0986FC00C02A8B /* QuickTroblesDemoTests */ = {
			isa = PBXNativeTarget;
			buildConfigurationList = 6F3482E61A0986FC00C02A8B /* Build configuration list for PBXNativeTarget "QuickTroblesDemoTests" */;
			buildPhases = (
				6F3482D51A0986FC00C02A8B /* Sources */,
				6F3482D61A0986FC00C02A8B /* Frameworks */,
				6F3482D71A0986FC00C02A8B /* Resources */,
			);
			buildRules = (
			);
			dependencies = (
				6F3482DB1A0986FC00C02A8B /* PBXTargetDependency */,
			);
			name = QuickTroblesDemoTests;
			productName = QuickTroblesDemoTests;
			productReference = 6F3482D91A0986FC00C02A8B /* QuickTroblesDemoTests.xctest */;
			productType = "com.apple.product-type.bundle.unit-test";
		};
/* End PBXNativeTarget section */

/* Begin PBXProject section */
		6F3482BE1A0986FC00C02A8B /* Project object */ = {
			isa = PBXProject;
			attributes = {
				LastUpgradeCheck = 0610;
				TargetAttributes = {
					6F3482C51A0986FC00C02A8B = {
						CreatedOnToolsVersion = 6.1;
					};
					6F3482D81A0986FC00C02A8B = {
						CreatedOnToolsVersion = 6.1;
						TestTargetID = 6F3482C51A0986FC00C02A8B;
					};
				};
			};
			buildConfigurationList = 6F3482C11A0986FC00C02A8B /* Build configuration list for PBXProject "QuickTroblesDemo" */;
			compatibilityVersion = "Xcode 3.2";
			developmentRegion = English;
			hasScannedForEncodings = 0;
			knownRegions = (
				en,
				Base,
			);
			mainGroup = 6F3482BD1A0986FC00C02A8B;
			productRefGroup = 6F3482C71A0986FC00C02A8B /* Products */;
			projectDirPath = "";
			projectReferences = (
				{
					ProductGroup = 6F3482FA1A09885700C02A8B /* Products */;
					ProjectRef = 6F3482F91A09885700C02A8B /* Nimble.xcodeproj */;
				},
				{
					ProductGroup = 6F3482EA1A09884E00C02A8B /* Products */;
					ProjectRef = 6F3482E91A09884E00C02A8B /* Quick.xcodeproj */;
				},
			);
			projectRoot = "";
			targets = (
				6F3482C51A0986FC00C02A8B /* QuickTroblesDemo */,
				6F3482D81A0986FC00C02A8B /* QuickTroblesDemoTests */,
			);
		};
/* End PBXProject section */

/* Begin PBXReferenceProxy section */
		6F3482F21A09884F00C02A8B /* Quick.framework */ = {
			isa = PBXReferenceProxy;
			fileType = wrapper.framework;
			path = Quick.framework;
			remoteRef = 6F3482F11A09884F00C02A8B /* PBXContainerItemProxy */;
			sourceTree = BUILT_PRODUCTS_DIR;
		};
		6F3482F41A09884F00C02A8B /* Quick-OSXTests.xctest */ = {
			isa = PBXReferenceProxy;
			fileType = wrapper.cfbundle;
			path = "Quick-OSXTests.xctest";
			remoteRef = 6F3482F31A09884F00C02A8B /* PBXContainerItemProxy */;
			sourceTree = BUILT_PRODUCTS_DIR;
		};
		6F3482F61A09884F00C02A8B /* Quick.framework */ = {
			isa = PBXReferenceProxy;
			fileType = wrapper.framework;
			path = Quick.framework;
			remoteRef = 6F3482F51A09884F00C02A8B /* PBXContainerItemProxy */;
			sourceTree = BUILT_PRODUCTS_DIR;
		};
		6F3482F81A09884F00C02A8B /* Quick-iOSTests.xctest */ = {
			isa = PBXReferenceProxy;
			fileType = wrapper.cfbundle;
			path = "Quick-iOSTests.xctest";
			remoteRef = 6F3482F71A09884F00C02A8B /* PBXContainerItemProxy */;
			sourceTree = BUILT_PRODUCTS_DIR;
		};
		6F3483011A09885700C02A8B /* Nimble.framework */ = {
			isa = PBXReferenceProxy;
			fileType = wrapper.framework;
			path = Nimble.framework;
			remoteRef = 6F3483001A09885700C02A8B /* PBXContainerItemProxy */;
			sourceTree = BUILT_PRODUCTS_DIR;
		};
		6F3483031A09885700C02A8B /* NimbleTests.xctest */ = {
			isa = PBXReferenceProxy;
			fileType = wrapper.cfbundle;
			path = NimbleTests.xctest;
			remoteRef = 6F3483021A09885700C02A8B /* PBXContainerItemProxy */;
			sourceTree = BUILT_PRODUCTS_DIR;
		};
		6F3483051A09885700C02A8B /* Nimble.framework */ = {
			isa = PBXReferenceProxy;
			fileType = wrapper.framework;
			path = Nimble.framework;
			remoteRef = 6F3483041A09885700C02A8B /* PBXContainerItemProxy */;
			sourceTree = BUILT_PRODUCTS_DIR;
		};
		6F3483071A09885700C02A8B /* Nimble-OSXTests.xctest */ = {
			isa = PBXReferenceProxy;
			fileType = wrapper.cfbundle;
			path = "Nimble-OSXTests.xctest";
			remoteRef = 6F3483061A09885700C02A8B /* PBXContainerItemProxy */;
			sourceTree = BUILT_PRODUCTS_DIR;
		};
/* End PBXReferenceProxy section */

/* Begin PBXResourcesBuildPhase section */
		6F3482C41A0986FC00C02A8B /* Resources */ = {
			isa = PBXResourcesBuildPhase;
			buildActionMask = 2147483647;
			files = (
				6F3482D11A0986FC00C02A8B /* Images.xcassets in Resources */,
				6F3482D41A0986FC00C02A8B /* MainMenu.xib in Resources */,
			);
			runOnlyForDeploymentPostprocessing = 0;
		};
		6F3482D71A0986FC00C02A8B /* Resources */ = {
			isa = PBXResourcesBuildPhase;
			buildActionMask = 2147483647;
			files = (
			);
			runOnlyForDeploymentPostprocessing = 0;
		};
/* End PBXResourcesBuildPhase section */

/* Begin PBXSourcesBuildPhase section */
		6F3482C21A0986FC00C02A8B /* Sources */ = {
			isa = PBXSourcesBuildPhase;
			buildActionMask = 2147483647;
			files = (
				6F3482CF1A0986FC00C02A8B /* main.m in Sources */,
				6F3482CD1A0986FC00C02A8B /* AppDelegate.m in Sources */,
			);
			runOnlyForDeploymentPostprocessing = 0;
		};
		6F3482D51A0986FC00C02A8B /* Sources */ = {
			isa = PBXSourcesBuildPhase;
			buildActionMask = 2147483647;
			files = (
				DA4A061B1A0997E700E778D2 /* SwiftSpec.swift in Sources */,
				6F3482E01A0986FC00C02A8B /* QuickTroblesDemoTests.m in Sources */,
				6F34830B1A0988E300C02A8B /* QuickTests.m in Sources */,
			);
			runOnlyForDeploymentPostprocessing = 0;
		};
/* End PBXSourcesBuildPhase section */

/* Begin PBXTargetDependency section */
		6F3482DB1A0986FC00C02A8B /* PBXTargetDependency */ = {
			isa = PBXTargetDependency;
			target = 6F3482C51A0986FC00C02A8B /* QuickTroblesDemo */;
			targetProxy = 6F3482DA1A0986FC00C02A8B /* PBXContainerItemProxy */;
		};
/* End PBXTargetDependency section */

/* Begin PBXVariantGroup section */
		6F3482D21A0986FC00C02A8B /* MainMenu.xib */ = {
			isa = PBXVariantGroup;
			children = (
				6F3482D31A0986FC00C02A8B /* Base */,
			);
			name = MainMenu.xib;
			sourceTree = "<group>";
		};
/* End PBXVariantGroup section */

/* Begin XCBuildConfiguration section */
		6F3482E11A0986FC00C02A8B /* Debug */ = {
			isa = XCBuildConfiguration;
			buildSettings = {
				ALWAYS_SEARCH_USER_PATHS = NO;
				CLANG_CXX_LANGUAGE_STANDARD = "gnu++0x";
				CLANG_CXX_LIBRARY = "libc++";
				CLANG_ENABLE_MODULES = YES;
				CLANG_ENABLE_OBJC_ARC = YES;
				CLANG_WARN_BOOL_CONVERSION = YES;
				CLANG_WARN_CONSTANT_CONVERSION = YES;
				CLANG_WARN_DIRECT_OBJC_ISA_USAGE = YES_ERROR;
				CLANG_WARN_EMPTY_BODY = YES;
				CLANG_WARN_ENUM_CONVERSION = YES;
				CLANG_WARN_INT_CONVERSION = YES;
				CLANG_WARN_OBJC_ROOT_CLASS = YES_ERROR;
				CLANG_WARN_UNREACHABLE_CODE = YES;
				CLANG_WARN__DUPLICATE_METHOD_MATCH = YES;
				CODE_SIGN_IDENTITY = "-";
				COPY_PHASE_STRIP = NO;
				ENABLE_STRICT_OBJC_MSGSEND = YES;
				GCC_C_LANGUAGE_STANDARD = gnu99;
				GCC_DYNAMIC_NO_PIC = NO;
				GCC_OPTIMIZATION_LEVEL = 0;
				GCC_PREPROCESSOR_DEFINITIONS = (
					"DEBUG=1",
					"$(inherited)",
				);
				GCC_SYMBOLS_PRIVATE_EXTERN = NO;
				GCC_WARN_64_TO_32_BIT_CONVERSION = YES;
				GCC_WARN_ABOUT_RETURN_TYPE = YES_ERROR;
				GCC_WARN_UNDECLARED_SELECTOR = YES;
				GCC_WARN_UNINITIALIZED_AUTOS = YES_AGGRESSIVE;
				GCC_WARN_UNUSED_FUNCTION = YES;
				GCC_WARN_UNUSED_VARIABLE = YES;
				MACOSX_DEPLOYMENT_TARGET = 10.10;
				MTL_ENABLE_DEBUG_INFO = YES;
				ONLY_ACTIVE_ARCH = YES;
				SDKROOT = macosx;
			};
			name = Debug;
		};
		6F3482E21A0986FC00C02A8B /* Release */ = {
			isa = XCBuildConfiguration;
			buildSettings = {
				ALWAYS_SEARCH_USER_PATHS = NO;
				CLANG_CXX_LANGUAGE_STANDARD = "gnu++0x";
				CLANG_CXX_LIBRARY = "libc++";
				CLANG_ENABLE_MODULES = YES;
				CLANG_ENABLE_OBJC_ARC = YES;
				CLANG_WARN_BOOL_CONVERSION = YES;
				CLANG_WARN_CONSTANT_CONVERSION = YES;
				CLANG_WARN_DIRECT_OBJC_ISA_USAGE = YES_ERROR;
				CLANG_WARN_EMPTY_BODY = YES;
				CLANG_WARN_ENUM_CONVERSION = YES;
				CLANG_WARN_INT_CONVERSION = YES;
				CLANG_WARN_OBJC_ROOT_CLASS = YES_ERROR;
				CLANG_WARN_UNREACHABLE_CODE = YES;
				CLANG_WARN__DUPLICATE_METHOD_MATCH = YES;
				CODE_SIGN_IDENTITY = "-";
				COPY_PHASE_STRIP = YES;
				DEBUG_INFORMATION_FORMAT = "dwarf-with-dsym";
				ENABLE_NS_ASSERTIONS = NO;
				ENABLE_STRICT_OBJC_MSGSEND = YES;
				GCC_C_LANGUAGE_STANDARD = gnu99;
				GCC_WARN_64_TO_32_BIT_CONVERSION = YES;
				GCC_WARN_ABOUT_RETURN_TYPE = YES_ERROR;
				GCC_WARN_UNDECLARED_SELECTOR = YES;
				GCC_WARN_UNINITIALIZED_AUTOS = YES_AGGRESSIVE;
				GCC_WARN_UNUSED_FUNCTION = YES;
				GCC_WARN_UNUSED_VARIABLE = YES;
				MACOSX_DEPLOYMENT_TARGET = 10.10;
				MTL_ENABLE_DEBUG_INFO = NO;
				SDKROOT = macosx;
			};
			name = Release;
		};
		6F3482E41A0986FC00C02A8B /* Debug */ = {
			isa = XCBuildConfiguration;
			buildSettings = {
				ASSETCATALOG_COMPILER_APPICON_NAME = AppIcon;
				COMBINE_HIDPI_IMAGES = YES;
				INFOPLIST_FILE = QuickTroblesDemo/Info.plist;
				LD_RUNPATH_SEARCH_PATHS = "$(inherited) @executable_path/../Frameworks";
				PRODUCT_NAME = "$(TARGET_NAME)";
			};
			name = Debug;
		};
		6F3482E51A0986FC00C02A8B /* Release */ = {
			isa = XCBuildConfiguration;
			buildSettings = {
				ASSETCATALOG_COMPILER_APPICON_NAME = AppIcon;
				COMBINE_HIDPI_IMAGES = YES;
				INFOPLIST_FILE = QuickTroblesDemo/Info.plist;
				LD_RUNPATH_SEARCH_PATHS = "$(inherited) @executable_path/../Frameworks";
				PRODUCT_NAME = "$(TARGET_NAME)";
			};
			name = Release;
		};
		6F3482E71A0986FC00C02A8B /* Debug */ = {
			isa = XCBuildConfiguration;
			buildSettings = {
				BUNDLE_LOADER = "$(TEST_HOST)";
				CLANG_ENABLE_MODULES = YES;
				COMBINE_HIDPI_IMAGES = YES;
				FRAMEWORK_SEARCH_PATHS = (
					"$(DEVELOPER_FRAMEWORKS_DIR)",
					"$(inherited)",
				);
				GCC_PREPROCESSOR_DEFINITIONS = (
					"DEBUG=1",
					"$(inherited)",
				);
				INFOPLIST_FILE = QuickTroblesDemoTests/Info.plist;
				LD_RUNPATH_SEARCH_PATHS = "$(inherited) @executable_path/../Frameworks @loader_path/../Frameworks";
				PRODUCT_NAME = "$(TARGET_NAME)";
				SWIFT_OPTIMIZATION_LEVEL = "-Onone";
				TEST_HOST = "$(BUILT_PRODUCTS_DIR)/QuickTroblesDemo.app/Contents/MacOS/QuickTroblesDemo";
			};
			name = Debug;
		};
		6F3482E81A0986FC00C02A8B /* Release */ = {
			isa = XCBuildConfiguration;
			buildSettings = {
				BUNDLE_LOADER = "$(TEST_HOST)";
				CLANG_ENABLE_MODULES = YES;
				COMBINE_HIDPI_IMAGES = YES;
				FRAMEWORK_SEARCH_PATHS = (
					"$(DEVELOPER_FRAMEWORKS_DIR)",
					"$(inherited)",
				);
				INFOPLIST_FILE = QuickTroblesDemoTests/Info.plist;
				LD_RUNPATH_SEARCH_PATHS = "$(inherited) @executable_path/../Frameworks @loader_path/../Frameworks";
				PRODUCT_NAME = "$(TARGET_NAME)";
				TEST_HOST = "$(BUILT_PRODUCTS_DIR)/QuickTroblesDemo.app/Contents/MacOS/QuickTroblesDemo";
			};
			name = Release;
		};
/* End XCBuildConfiguration section */

/* Begin XCConfigurationList section */
		6F3482C11A0986FC00C02A8B /* Build configuration list for PBXProject "QuickTroblesDemo" */ = {
			isa = XCConfigurationList;
			buildConfigurations = (
				6F3482E11A0986FC00C02A8B /* Debug */,
				6F3482E21A0986FC00C02A8B /* Release */,
			);
			defaultConfigurationIsVisible = 0;
			defaultConfigurationName = Release;
		};
		6F3482E31A0986FC00C02A8B /* Build configuration list for PBXNativeTarget "QuickTroblesDemo" */ = {
			isa = XCConfigurationList;
			buildConfigurations = (
				6F3482E41A0986FC00C02A8B /* Debug */,
				6F3482E51A0986FC00C02A8B /* Release */,
			);
			defaultConfigurationIsVisible = 0;
			defaultConfigurationName = Release;
		};
		6F3482E61A0986FC00C02A8B /* Build configuration list for PBXNativeTarget "QuickTroblesDemoTests" */ = {
			isa = XCConfigurationList;
			buildConfigurations = (
				6F3482E71A0986FC00C02A8B /* Debug */,
				6F3482E81A0986FC00C02A8B /* Release */,
			);
			defaultConfigurationIsVisible = 0;
			defaultConfigurationName = Release;
		};
/* End XCConfigurationList section */
	};
	rootObject = 6F3482BE1A0986FC00C02A8B /* Project object */;
}
